// !$*UTF8*$!
{
	archiveVersion = 1;
	classes = {
	};
	objectVersion = 56;
	objects = {

/* Begin PBXBuildFile section */
		C94F0A9A2B4670C000A042E1 /* SwiftUIChatApp.swift in Sources */ = {isa = PBXBuildFile; fileRef = C94F0A992B4670C000A042E1 /* SwiftUIChatApp.swift */; };
		C94F0A9C2B4670C000A042E1 /* ContentView.swift in Sources */ = {isa = PBXBuildFile; fileRef = C94F0A9B2B4670C000A042E1 /* ContentView.swift */; };
		C94F0A9E2B4670C100A042E1 /* Assets.xcassets in Resources */ = {isa = PBXBuildFile; fileRef = C94F0A9D2B4670C100A042E1 /* Assets.xcassets */; };
		C94F0AA12B4670C100A042E1 /* Preview Assets.xcassets in Resources */ = {isa = PBXBuildFile; fileRef = C94F0AA02B4670C100A042E1 /* Preview Assets.xcassets */; };
		C94F0AAD2B4670F500A042E1 /* LogInView.swift in Sources */ = {isa = PBXBuildFile; fileRef = C94F0AAC2B4670F500A042E1 /* LogInView.swift */; };
		C94F0AAF2B46710300A042E1 /* RegistrationView.swift in Sources */ = {isa = PBXBuildFile; fileRef = C94F0AAE2B46710300A042E1 /* RegistrationView.swift */; };
		C94F0AB12B46724D00A042E1 /* CustomTextField.swift in Sources */ = {isa = PBXBuildFile; fileRef = C94F0AB02B46724D00A042E1 /* CustomTextField.swift */; };
		C94F0AB52B467CD600A042E1 /* MainTabView.swift in Sources */ = {isa = PBXBuildFile; fileRef = C94F0AB42B467CD600A042E1 /* MainTabView.swift */; };
		C94F0ABA2B467DB100A042E1 /* ChatView.swift in Sources */ = {isa = PBXBuildFile; fileRef = C94F0AB92B467DB100A042E1 /* ChatView.swift */; };
		C94F0ABC2B467DBF00A042E1 /* ChannelsView.swift in Sources */ = {isa = PBXBuildFile; fileRef = C94F0ABB2B467DBF00A042E1 /* ChannelsView.swift */; };
		C94F0ABE2B467DD200A042E1 /* SettingsView.swift in Sources */ = {isa = PBXBuildFile; fileRef = C94F0ABD2B467DD200A042E1 /* SettingsView.swift */; };
		C94F0AC12B467E0300A042E1 /* ConversationsView.swift in Sources */ = {isa = PBXBuildFile; fileRef = C94F0AC02B467E0300A042E1 /* ConversationsView.swift */; };
		C996E31C2B49840D00AD6580 /* SearchBar.swift in Sources */ = {isa = PBXBuildFile; fileRef = C996E31B2B49840D00AD6580 /* SearchBar.swift */; };
		C996E31E2B49883E00AD6580 /* Extensions.swift in Sources */ = {isa = PBXBuildFile; fileRef = C996E31D2B49883E00AD6580 /* Extensions.swift */; };
		C99874CB2B49627A00676AEB /* ConversationCellView.swift in Sources */ = {isa = PBXBuildFile; fileRef = C99874CA2B49627A00676AEB /* ConversationCellView.swift */; };
		C99874CD2B49685800676AEB /* UserCellView.swift in Sources */ = {isa = PBXBuildFile; fileRef = C99874CC2B49685800676AEB /* UserCellView.swift */; };
		C99874CF2B4968F600676AEB /* NewMessageView.swift in Sources */ = {isa = PBXBuildFile; fileRef = C99874CE2B4968F600676AEB /* NewMessageView.swift */; };
		C9B3B6BC2B47331B001D6BA1 /* SettingsHeaderView.swift in Sources */ = {isa = PBXBuildFile; fileRef = C9B3B6BB2B47331B001D6BA1 /* SettingsHeaderView.swift */; };
		C9B3B6BE2B473569001D6BA1 /* SettingsCellView.swift in Sources */ = {isa = PBXBuildFile; fileRef = C9B3B6BD2B473569001D6BA1 /* SettingsCellView.swift */; };
		C9B3B6C02B473975001D6BA1 /* SettingsCellViewModel.swift in Sources */ = {isa = PBXBuildFile; fileRef = C9B3B6BF2B473975001D6BA1 /* SettingsCellViewModel.swift */; };
		C9F8DCBB2B4A68FF0009FE0E /* ChatBubble.swift in Sources */ = {isa = PBXBuildFile; fileRef = C9F8DCBA2B4A68FF0009FE0E /* ChatBubble.swift */; };
		C9F8DCBD2B4A6AF60009FE0E /* MessageView.swift in Sources */ = {isa = PBXBuildFile; fileRef = C9F8DCBC2B4A6AF60009FE0E /* MessageView.swift */; };
		C9FA34F92B47A34300628B84 /* EditProfileView.swift in Sources */ = {isa = PBXBuildFile; fileRef = C9FA34F82B47A34300628B84 /* EditProfileView.swift */; };
		C9FA34FB2B47B0F100628B84 /* StatusSelectorView.swift in Sources */ = {isa = PBXBuildFile; fileRef = C9FA34FA2B47B0F100628B84 /* StatusSelectorView.swift */; };
		C9FACF972B49151F00CB9FB0 /* StatusViewModel.swift in Sources */ = {isa = PBXBuildFile; fileRef = C9FACF962B49151F00CB9FB0 /* StatusViewModel.swift */; };
		C9FACF992B49205900CB9FB0 /* ImagePicker.swift in Sources */ = {isa = PBXBuildFile; fileRef = C9FACF982B49205900CB9FB0 /* ImagePicker.swift */; };
/* End PBXBuildFile section */

/* Begin PBXFileReference section */
		C94F0A962B4670C000A042E1 /* SwiftUIChat.app */ = {isa = PBXFileReference; explicitFileType = wrapper.application; includeInIndex = 0; path = SwiftUIChat.app; sourceTree = BUILT_PRODUCTS_DIR; };
		C94F0A992B4670C000A042E1 /* SwiftUIChatApp.swift */ = {isa = PBXFileReference; lastKnownFileType = sourcecode.swift; path = SwiftUIChatApp.swift; sourceTree = "<group>"; };
		C94F0A9B2B4670C000A042E1 /* ContentView.swift */ = {isa = PBXFileReference; lastKnownFileType = sourcecode.swift; path = ContentView.swift; sourceTree = "<group>"; };
		C94F0A9D2B4670C100A042E1 /* Assets.xcassets */ = {isa = PBXFileReference; lastKnownFileType = folder.assetcatalog; path = Assets.xcassets; sourceTree = "<group>"; };
		C94F0AA02B4670C100A042E1 /* Preview Assets.xcassets */ = {isa = PBXFileReference; lastKnownFileType = folder.assetcatalog; path = "Preview Assets.xcassets"; sourceTree = "<group>"; };
		C94F0AAC2B4670F500A042E1 /* LogInView.swift */ = {isa = PBXFileReference; lastKnownFileType = sourcecode.swift; path = LogInView.swift; sourceTree = "<group>"; };
		C94F0AAE2B46710300A042E1 /* RegistrationView.swift */ = {isa = PBXFileReference; lastKnownFileType = sourcecode.swift; path = RegistrationView.swift; sourceTree = "<group>"; };
		C94F0AB02B46724D00A042E1 /* CustomTextField.swift */ = {isa = PBXFileReference; lastKnownFileType = sourcecode.swift; path = CustomTextField.swift; sourceTree = "<group>"; };
		C94F0AB42B467CD600A042E1 /* MainTabView.swift */ = {isa = PBXFileReference; lastKnownFileType = sourcecode.swift; path = MainTabView.swift; sourceTree = "<group>"; };
		C94F0AB92B467DB100A042E1 /* ChatView.swift */ = {isa = PBXFileReference; lastKnownFileType = sourcecode.swift; path = ChatView.swift; sourceTree = "<group>"; };
		C94F0ABB2B467DBF00A042E1 /* ChannelsView.swift */ = {isa = PBXFileReference; lastKnownFileType = sourcecode.swift; path = ChannelsView.swift; sourceTree = "<group>"; };
		C94F0ABD2B467DD200A042E1 /* SettingsView.swift */ = {isa = PBXFileReference; lastKnownFileType = sourcecode.swift; path = SettingsView.swift; sourceTree = "<group>"; };
		C94F0AC02B467E0300A042E1 /* ConversationsView.swift */ = {isa = PBXFileReference; lastKnownFileType = sourcecode.swift; path = ConversationsView.swift; sourceTree = "<group>"; };
		C996E31B2B49840D00AD6580 /* SearchBar.swift */ = {isa = PBXFileReference; lastKnownFileType = sourcecode.swift; path = SearchBar.swift; sourceTree = "<group>"; };
		C996E31D2B49883E00AD6580 /* Extensions.swift */ = {isa = PBXFileReference; lastKnownFileType = sourcecode.swift; path = Extensions.swift; sourceTree = "<group>"; };
		C99874CA2B49627A00676AEB /* ConversationCellView.swift */ = {isa = PBXFileReference; lastKnownFileType = sourcecode.swift; path = ConversationCellView.swift; sourceTree = "<group>"; };
		C99874CC2B49685800676AEB /* UserCellView.swift */ = {isa = PBXFileReference; lastKnownFileType = sourcecode.swift; path = UserCellView.swift; sourceTree = "<group>"; };
		C99874CE2B4968F600676AEB /* NewMessageView.swift */ = {isa = PBXFileReference; lastKnownFileType = sourcecode.swift; path = NewMessageView.swift; sourceTree = "<group>"; };
		C9B3B6BB2B47331B001D6BA1 /* SettingsHeaderView.swift */ = {isa = PBXFileReference; lastKnownFileType = sourcecode.swift; path = SettingsHeaderView.swift; sourceTree = "<group>"; };
		C9B3B6BD2B473569001D6BA1 /* SettingsCellView.swift */ = {isa = PBXFileReference; lastKnownFileType = sourcecode.swift; path = SettingsCellView.swift; sourceTree = "<group>"; };
		C9B3B6BF2B473975001D6BA1 /* SettingsCellViewModel.swift */ = {isa = PBXFileReference; lastKnownFileType = sourcecode.swift; path = SettingsCellViewModel.swift; sourceTree = "<group>"; };
		C9F8DCBA2B4A68FF0009FE0E /* ChatBubble.swift */ = {isa = PBXFileReference; lastKnownFileType = sourcecode.swift; path = ChatBubble.swift; sourceTree = "<group>"; };
		C9F8DCBC2B4A6AF60009FE0E /* MessageView.swift */ = {isa = PBXFileReference; lastKnownFileType = sourcecode.swift; path = MessageView.swift; sourceTree = "<group>"; };
		C9FA34F82B47A34300628B84 /* EditProfileView.swift */ = {isa = PBXFileReference; lastKnownFileType = sourcecode.swift; path = EditProfileView.swift; sourceTree = "<group>"; };
		C9FA34FA2B47B0F100628B84 /* StatusSelectorView.swift */ = {isa = PBXFileReference; lastKnownFileType = sourcecode.swift; path = StatusSelectorView.swift; sourceTree = "<group>"; };
		C9FACF962B49151F00CB9FB0 /* StatusViewModel.swift */ = {isa = PBXFileReference; lastKnownFileType = sourcecode.swift; path = StatusViewModel.swift; sourceTree = "<group>"; };
		C9FACF982B49205900CB9FB0 /* ImagePicker.swift */ = {isa = PBXFileReference; lastKnownFileType = sourcecode.swift; path = ImagePicker.swift; sourceTree = "<group>"; };
/* End PBXFileReference section */

/* Begin PBXFrameworksBuildPhase section */
		C94F0A932B4670C000A042E1 /* Frameworks */ = {
			isa = PBXFrameworksBuildPhase;
			buildActionMask = 2147483647;
			files = (
			);
			runOnlyForDeploymentPostprocessing = 0;
		};
/* End PBXFrameworksBuildPhase section */

/* Begin PBXGroup section */
		C94F0A8D2B4670C000A042E1 = {
			isa = PBXGroup;
			children = (
				C94F0A982B4670C000A042E1 /* SwiftUIChat */,
				C94F0A972B4670C000A042E1 /* Products */,
			);
			sourceTree = "<group>";
		};
		C94F0A972B4670C000A042E1 /* Products */ = {
			isa = PBXGroup;
			children = (
				C94F0A962B4670C000A042E1 /* SwiftUIChat.app */,
			);
			name = Products;
			sourceTree = "<group>";
		};
		C94F0A982B4670C000A042E1 /* SwiftUIChat */ = {
			isa = PBXGroup;
			children = (
				C94F0AAB2B4670D700A042E1 /* Model */,
				C94F0AAA2B4670D600A042E1 /* View */,
				C94F0AA92B4670D400A042E1 /* ViewModel */,
				C94F0AA82B4670D000A042E1 /* API */,
				C94F0AA72B4670CD00A042E1 /* Utils */,
				C94F0A992B4670C000A042E1 /* SwiftUIChatApp.swift */,
				C94F0A9B2B4670C000A042E1 /* ContentView.swift */,
				C94F0A9D2B4670C100A042E1 /* Assets.xcassets */,
				C94F0A9F2B4670C100A042E1 /* Preview Content */,
			);
			path = SwiftUIChat;
			sourceTree = "<group>";
		};
		C94F0A9F2B4670C100A042E1 /* Preview Content */ = {
			isa = PBXGroup;
			children = (
				C94F0AA02B4670C100A042E1 /* Preview Assets.xcassets */,
			);
			path = "Preview Content";
			sourceTree = "<group>";
		};
		C94F0AA72B4670CD00A042E1 /* Utils */ = {
			isa = PBXGroup;
			children = (
				C94F0AB02B46724D00A042E1 /* CustomTextField.swift */,
				C9FACF982B49205900CB9FB0 /* ImagePicker.swift */,
				C996E31B2B49840D00AD6580 /* SearchBar.swift */,
				C996E31D2B49883E00AD6580 /* Extensions.swift */,
			);
			path = Utils;
			sourceTree = "<group>";
		};
		C94F0AA82B4670D000A042E1 /* API */ = {
			isa = PBXGroup;
			children = (
			);
			path = API;
			sourceTree = "<group>";
		};
		C94F0AA92B4670D400A042E1 /* ViewModel */ = {
			isa = PBXGroup;
			children = (
				C9B3B6BF2B473975001D6BA1 /* SettingsCellViewModel.swift */,
				C9FACF962B49151F00CB9FB0 /* StatusViewModel.swift */,
			);
			path = ViewModel;
			sourceTree = "<group>";
		};
		C94F0AAA2B4670D600A042E1 /* View */ = {
			isa = PBXGroup;
			children = (
				C94F0ABF2B467DEC00A042E1 /* Conversations */,
				C94F0AB82B467D9300A042E1 /* Chats */,
				C94F0AB72B467D8700A042E1 /* Channels */,
				C94F0AB62B467D8200A042E1 /* Settings */,
				C94F0AB32B467CC800A042E1 /* Main */,
				C94F0AB22B467CB000A042E1 /* Authentication */,
			);
			path = View;
			sourceTree = "<group>";
		};
		C94F0AAB2B4670D700A042E1 /* Model */ = {
			isa = PBXGroup;
			children = (
			);
			path = Model;
			sourceTree = "<group>";
		};
		C94F0AB22B467CB000A042E1 /* Authentication */ = {
			isa = PBXGroup;
			children = (
				C94F0AAC2B4670F500A042E1 /* LogInView.swift */,
				C94F0AAE2B46710300A042E1 /* RegistrationView.swift */,
			);
			path = Authentication;
			sourceTree = "<group>";
		};
		C94F0AB32B467CC800A042E1 /* Main */ = {
			isa = PBXGroup;
			children = (
				C94F0AB42B467CD600A042E1 /* MainTabView.swift */,
			);
			path = Main;
			sourceTree = "<group>";
		};
		C94F0AB62B467D8200A042E1 /* Settings */ = {
			isa = PBXGroup;
			children = (
				C94F0ABD2B467DD200A042E1 /* SettingsView.swift */,
				C9B3B6BB2B47331B001D6BA1 /* SettingsHeaderView.swift */,
				C9B3B6BD2B473569001D6BA1 /* SettingsCellView.swift */,
				C9FA34F82B47A34300628B84 /* EditProfileView.swift */,
				C9FA34FA2B47B0F100628B84 /* StatusSelectorView.swift */,
			);
			path = Settings;
			sourceTree = "<group>";
		};
		C94F0AB72B467D8700A042E1 /* Channels */ = {
			isa = PBXGroup;
			children = (
				C94F0ABB2B467DBF00A042E1 /* ChannelsView.swift */,
			);
			path = Channels;
			sourceTree = "<group>";
		};
		C94F0AB82B467D9300A042E1 /* Chats */ = {
			isa = PBXGroup;
			children = (
				C94F0AB92B467DB100A042E1 /* ChatView.swift */,
				C9F8DCBA2B4A68FF0009FE0E /* ChatBubble.swift */,
				C9F8DCBC2B4A6AF60009FE0E /* MessageView.swift */,
			);
			path = Chats;
			sourceTree = "<group>";
		};
		C94F0ABF2B467DEC00A042E1 /* Conversations */ = {
			isa = PBXGroup;
			children = (
				C94F0AC02B467E0300A042E1 /* ConversationsView.swift */,
				C99874CA2B49627A00676AEB /* ConversationCellView.swift */,
				C99874CC2B49685800676AEB /* UserCellView.swift */,
				C99874CE2B4968F600676AEB /* NewMessageView.swift */,
			);
			path = Conversations;
			sourceTree = "<group>";
		};
/* End PBXGroup section */

/* Begin PBXNativeTarget section */
		C94F0A952B4670C000A042E1 /* SwiftUIChat */ = {
			isa = PBXNativeTarget;
			buildConfigurationList = C94F0AA42B4670C100A042E1 /* Build configuration list for PBXNativeTarget "SwiftUIChat" */;
			buildPhases = (
				C94F0A922B4670C000A042E1 /* Sources */,
				C94F0A932B4670C000A042E1 /* Frameworks */,
				C94F0A942B4670C000A042E1 /* Resources */,
			);
			buildRules = (
			);
			dependencies = (
			);
			name = SwiftUIChat;
			productName = SwiftUIChat;
			productReference = C94F0A962B4670C000A042E1 /* SwiftUIChat.app */;
			productType = "com.apple.product-type.application";
		};
/* End PBXNativeTarget section */

/* Begin PBXProject section */
		C94F0A8E2B4670C000A042E1 /* Project object */ = {
			isa = PBXProject;
			attributes = {
				BuildIndependentTargetsInParallel = 1;
				LastSwiftUpdateCheck = 1510;
				LastUpgradeCheck = 1510;
				TargetAttributes = {
					C94F0A952B4670C000A042E1 = {
						CreatedOnToolsVersion = 15.1;
					};
				};
			};
			buildConfigurationList = C94F0A912B4670C000A042E1 /* Build configuration list for PBXProject "SwiftUIChat" */;
			compatibilityVersion = "Xcode 14.0";
			developmentRegion = en;
			hasScannedForEncodings = 0;
			knownRegions = (
				en,
				Base,
			);
			mainGroup = C94F0A8D2B4670C000A042E1;
			productRefGroup = C94F0A972B4670C000A042E1 /* Products */;
			projectDirPath = "";
			projectRoot = "";
			targets = (
				C94F0A952B4670C000A042E1 /* SwiftUIChat */,
			);
		};
/* End PBXProject section */

/* Begin PBXResourcesBuildPhase section */
		C94F0A942B4670C000A042E1 /* Resources */ = {
			isa = PBXResourcesBuildPhase;
			buildActionMask = 2147483647;
			files = (
				C94F0AA12B4670C100A042E1 /* Preview Assets.xcassets in Resources */,
				C94F0A9E2B4670C100A042E1 /* Assets.xcassets in Resources */,
			);
			runOnlyForDeploymentPostprocessing = 0;
		};
/* End PBXResourcesBuildPhase section */

/* Begin PBXSourcesBuildPhase section */
		C94F0A922B4670C000A042E1 /* Sources */ = {
			isa = PBXSourcesBuildPhase;
			buildActionMask = 2147483647;
			files = (
				C9FACF972B49151F00CB9FB0 /* StatusViewModel.swift in Sources */,
				C9FA34F92B47A34300628B84 /* EditProfileView.swift in Sources */,
				C9FA34FB2B47B0F100628B84 /* StatusSelectorView.swift in Sources */,
				C9FACF992B49205900CB9FB0 /* ImagePicker.swift in Sources */,
				C94F0ABA2B467DB100A042E1 /* ChatView.swift in Sources */,
				C94F0AAD2B4670F500A042E1 /* LogInView.swift in Sources */,
				C9B3B6C02B473975001D6BA1 /* SettingsCellViewModel.swift in Sources */,
				C99874CB2B49627A00676AEB /* ConversationCellView.swift in Sources */,
				C99874CD2B49685800676AEB /* UserCellView.swift in Sources */,
				C996E31E2B49883E00AD6580 /* Extensions.swift in Sources */,
				C9F8DCBB2B4A68FF0009FE0E /* ChatBubble.swift in Sources */,
				C99874CF2B4968F600676AEB /* NewMessageView.swift in Sources */,
				C9F8DCBD2B4A6AF60009FE0E /* MessageView.swift in Sources */,
				C94F0A9C2B4670C000A042E1 /* ContentView.swift in Sources */,
				C9B3B6BC2B47331B001D6BA1 /* SettingsHeaderView.swift in Sources */,
				C94F0AC12B467E0300A042E1 /* ConversationsView.swift in Sources */,
				C9B3B6BE2B473569001D6BA1 /* SettingsCellView.swift in Sources */,
				C996E31C2B49840D00AD6580 /* SearchBar.swift in Sources */,
				C94F0ABE2B467DD200A042E1 /* SettingsView.swift in Sources */,
				C94F0A9A2B4670C000A042E1 /* SwiftUIChatApp.swift in Sources */,
				C94F0ABC2B467DBF00A042E1 /* ChannelsView.swift in Sources */,
				C94F0AAF2B46710300A042E1 /* RegistrationView.swift in Sources */,
				C94F0AB12B46724D00A042E1 /* CustomTextField.swift in Sources */,
				C94F0AB52B467CD600A042E1 /* MainTabView.swift in Sources */,
			);
			runOnlyForDeploymentPostprocessing = 0;
		};
/* End PBXSourcesBuildPhase section */

/* Begin XCBuildConfiguration section */
		C94F0AA22B4670C100A042E1 /* Debug */ = {
			isa = XCBuildConfiguration;
			buildSettings = {
				ALWAYS_SEARCH_USER_PATHS = NO;
				ASSETCATALOG_COMPILER_GENERATE_SWIFT_ASSET_SYMBOL_EXTENSIONS = YES;
				CLANG_ANALYZER_NONNULL = YES;
				CLANG_ANALYZER_NUMBER_OBJECT_CONVERSION = YES_AGGRESSIVE;
				CLANG_CXX_LANGUAGE_STANDARD = "gnu++20";
				CLANG_ENABLE_MODULES = YES;
				CLANG_ENABLE_OBJC_ARC = YES;
				CLANG_ENABLE_OBJC_WEAK = YES;
				CLANG_WARN_BLOCK_CAPTURE_AUTORELEASING = YES;
				CLANG_WARN_BOOL_CONVERSION = YES;
				CLANG_WARN_COMMA = YES;
				CLANG_WARN_CONSTANT_CONVERSION = YES;
				CLANG_WARN_DEPRECATED_OBJC_IMPLEMENTATIONS = YES;
				CLANG_WARN_DIRECT_OBJC_ISA_USAGE = YES_ERROR;
				CLANG_WARN_DOCUMENTATION_COMMENTS = YES;
				CLANG_WARN_EMPTY_BODY = YES;
				CLANG_WARN_ENUM_CONVERSION = YES;
				CLANG_WARN_INFINITE_RECURSION = YES;
				CLANG_WARN_INT_CONVERSION = YES;
				CLANG_WARN_NON_LITERAL_NULL_CONVERSION = YES;
				CLANG_WARN_OBJC_IMPLICIT_RETAIN_SELF = YES;
				CLANG_WARN_OBJC_LITERAL_CONVERSION = YES;
				CLANG_WARN_OBJC_ROOT_CLASS = YES_ERROR;
				CLANG_WARN_QUOTED_INCLUDE_IN_FRAMEWORK_HEADER = YES;
				CLANG_WARN_RANGE_LOOP_ANALYSIS = YES;
				CLANG_WARN_STRICT_PROTOTYPES = YES;
				CLANG_WARN_SUSPICIOUS_MOVE = YES;
				CLANG_WARN_UNGUARDED_AVAILABILITY = YES_AGGRESSIVE;
				CLANG_WARN_UNREACHABLE_CODE = YES;
				CLANG_WARN__DUPLICATE_METHOD_MATCH = YES;
				COPY_PHASE_STRIP = NO;
				DEBUG_INFORMATION_FORMAT = dwarf;
				ENABLE_STRICT_OBJC_MSGSEND = YES;
				ENABLE_TESTABILITY = YES;
				ENABLE_USER_SCRIPT_SANDBOXING = YES;
				GCC_C_LANGUAGE_STANDARD = gnu17;
				GCC_DYNAMIC_NO_PIC = NO;
				GCC_NO_COMMON_BLOCKS = YES;
				GCC_OPTIMIZATION_LEVEL = 0;
				GCC_PREPROCESSOR_DEFINITIONS = (
					"DEBUG=1",
					"$(inherited)",
				);
				GCC_WARN_64_TO_32_BIT_CONVERSION = YES;
				GCC_WARN_ABOUT_RETURN_TYPE = YES_ERROR;
				GCC_WARN_UNDECLARED_SELECTOR = YES;
				GCC_WARN_UNINITIALIZED_AUTOS = YES_AGGRESSIVE;
				GCC_WARN_UNUSED_FUNCTION = YES;
				GCC_WARN_UNUSED_VARIABLE = YES;
				IPHONEOS_DEPLOYMENT_TARGET = 17.2;
				LOCALIZATION_PREFERS_STRING_CATALOGS = YES;
				MTL_ENABLE_DEBUG_INFO = INCLUDE_SOURCE;
				MTL_FAST_MATH = YES;
				ONLY_ACTIVE_ARCH = YES;
				SDKROOT = iphoneos;
				SWIFT_ACTIVE_COMPILATION_CONDITIONS = "DEBUG $(inherited)";
				SWIFT_OPTIMIZATION_LEVEL = "-Onone";
			};
			name = Debug;
		};
		C94F0AA32B4670C100A042E1 /* Release */ = {
			isa = XCBuildConfiguration;
			buildSettings = {
				ALWAYS_SEARCH_USER_PATHS = NO;
				ASSETCATALOG_COMPILER_GENERATE_SWIFT_ASSET_SYMBOL_EXTENSIONS = YES;
				CLANG_ANALYZER_NONNULL = YES;
				CLANG_ANALYZER_NUMBER_OBJECT_CONVERSION = YES_AGGRESSIVE;
				CLANG_CXX_LANGUAGE_STANDARD = "gnu++20";
				CLANG_ENABLE_MODULES = YES;
				CLANG_ENABLE_OBJC_ARC = YES;
				CLANG_ENABLE_OBJC_WEAK = YES;
				CLANG_WARN_BLOCK_CAPTURE_AUTORELEASING = YES;
				CLANG_WARN_BOOL_CONVERSION = YES;
				CLANG_WARN_COMMA = YES;
				CLANG_WARN_CONSTANT_CONVERSION = YES;
				CLANG_WARN_DEPRECATED_OBJC_IMPLEMENTATIONS = YES;
				CLANG_WARN_DIRECT_OBJC_ISA_USAGE = YES_ERROR;
				CLANG_WARN_DOCUMENTATION_COMMENTS = YES;
				CLANG_WARN_EMPTY_BODY = YES;
				CLANG_WARN_ENUM_CONVERSION = YES;
				CLANG_WARN_INFINITE_RECURSION = YES;
				CLANG_WARN_INT_CONVERSION = YES;
				CLANG_WARN_NON_LITERAL_NULL_CONVERSION = YES;
				CLANG_WARN_OBJC_IMPLICIT_RETAIN_SELF = YES;
				CLANG_WARN_OBJC_LITERAL_CONVERSION = YES;
				CLANG_WARN_OBJC_ROOT_CLASS = YES_ERROR;
				CLANG_WARN_QUOTED_INCLUDE_IN_FRAMEWORK_HEADER = YES;
				CLANG_WARN_RANGE_LOOP_ANALYSIS = YES;
				CLANG_WARN_STRICT_PROTOTYPES = YES;
				CLANG_WARN_SUSPICIOUS_MOVE = YES;
				CLANG_WARN_UNGUARDED_AVAILABILITY = YES_AGGRESSIVE;
				CLANG_WARN_UNREACHABLE_CODE = YES;
				CLANG_WARN__DUPLICATE_METHOD_MATCH = YES;
				COPY_PHASE_STRIP = NO;
				DEBUG_INFORMATION_FORMAT = "dwarf-with-dsym";
				ENABLE_NS_ASSERTIONS = NO;
				ENABLE_STRICT_OBJC_MSGSEND = YES;
				ENABLE_USER_SCRIPT_SANDBOXING = YES;
				GCC_C_LANGUAGE_STANDARD = gnu17;
				GCC_NO_COMMON_BLOCKS = YES;
				GCC_WARN_64_TO_32_BIT_CONVERSION = YES;
				GCC_WARN_ABOUT_RETURN_TYPE = YES_ERROR;
				GCC_WARN_UNDECLARED_SELECTOR = YES;
				GCC_WARN_UNINITIALIZED_AUTOS = YES_AGGRESSIVE;
				GCC_WARN_UNUSED_FUNCTION = YES;
				GCC_WARN_UNUSED_VARIABLE = YES;
				IPHONEOS_DEPLOYMENT_TARGET = 17.2;
				LOCALIZATION_PREFERS_STRING_CATALOGS = YES;
				MTL_ENABLE_DEBUG_INFO = NO;
				MTL_FAST_MATH = YES;
				SDKROOT = iphoneos;
				SWIFT_COMPILATION_MODE = wholemodule;
				VALIDATE_PRODUCT = YES;
			};
			name = Release;
		};
		C94F0AA52B4670C100A042E1 /* Debug */ = {
			isa = XCBuildConfiguration;
			buildSettings = {
				ASSETCATALOG_COMPILER_APPICON_NAME = AppIcon;
				ASSETCATALOG_COMPILER_GLOBAL_ACCENT_COLOR_NAME = AccentColor;
				CODE_SIGN_STYLE = Automatic;
				CURRENT_PROJECT_VERSION = 1;
				DEVELOPMENT_ASSET_PATHS = "\"SwiftUIChat/Preview Content\"";
				ENABLE_PREVIEWS = YES;
				GENERATE_INFOPLIST_FILE = YES;
				INFOPLIST_KEY_UIApplicationSceneManifest_Generation = YES;
				INFOPLIST_KEY_UIApplicationSupportsIndirectInputEvents = YES;
				INFOPLIST_KEY_UILaunchScreen_Generation = YES;
				INFOPLIST_KEY_UISupportedInterfaceOrientations_iPad = "UIInterfaceOrientationPortrait UIInterfaceOrientationPortraitUpsideDown UIInterfaceOrientationLandscapeLeft UIInterfaceOrientationLandscapeRight";
				INFOPLIST_KEY_UISupportedInterfaceOrientations_iPhone = "UIInterfaceOrientationPortrait UIInterfaceOrientationLandscapeLeft UIInterfaceOrientationLandscapeRight";
				LD_RUNPATH_SEARCH_PATHS = (
					"$(inherited)",
					"@executable_path/Frameworks",
				);
				MARKETING_VERSION = 1.0;
				PRODUCT_BUNDLE_IDENTIFIER = com.smk.SwiftUIChat;
				PRODUCT_NAME = "$(TARGET_NAME)";
				SWIFT_EMIT_LOC_STRINGS = YES;
				SWIFT_VERSION = 5.0;
				TARGETED_DEVICE_FAMILY = "1,2";
			};
			name = Debug;
		};
		C94F0AA62B4670C100A042E1 /* Release */ = {
			isa = XCBuildConfiguration;
			buildSettings = {
				ASSETCATALOG_COMPILER_APPICON_NAME = AppIcon;
				ASSETCATALOG_COMPILER_GLOBAL_ACCENT_COLOR_NAME = AccentColor;
				CODE_SIGN_STYLE = Automatic;
				CURRENT_PROJECT_VERSION = 1;
				DEVELOPMENT_ASSET_PATHS = "\"SwiftUIChat/Preview Content\"";
				ENABLE_PREVIEWS = YES;
				GENERATE_INFOPLIST_FILE = YES;
				INFOPLIST_KEY_UIApplicationSceneManifest_Generation = YES;
				INFOPLIST_KEY_UIApplicationSupportsIndirectInputEvents = YES;
				INFOPLIST_KEY_UILaunchScreen_Generation = YES;
				INFOPLIST_KEY_UISupportedInterfaceOrientations_iPad = "UIInterfaceOrientationPortrait UIInterfaceOrientationPortraitUpsideDown UIInterfaceOrientationLandscapeLeft UIInterfaceOrientationLandscapeRight";
				INFOPLIST_KEY_UISupportedInterfaceOrientations_iPhone = "UIInterfaceOrientationPortrait UIInterfaceOrientationLandscapeLeft UIInterfaceOrientationLandscapeRight";
				LD_RUNPATH_SEARCH_PATHS = (
					"$(inherited)",
					"@executable_path/Frameworks",
				);
				MARKETING_VERSION = 1.0;
				PRODUCT_BUNDLE_IDENTIFIER = com.smk.SwiftUIChat;
				PRODUCT_NAME = "$(TARGET_NAME)";
				SWIFT_EMIT_LOC_STRINGS = YES;
				SWIFT_VERSION = 5.0;
				TARGETED_DEVICE_FAMILY = "1,2";
			};
			name = Release;
		};
/* End XCBuildConfiguration section */

/* Begin XCConfigurationList section */
		C94F0A912B4670C000A042E1 /* Build configuration list for PBXProject "SwiftUIChat" */ = {
			isa = XCConfigurationList;
			buildConfigurations = (
				C94F0AA22B4670C100A042E1 /* Debug */,
				C94F0AA32B4670C100A042E1 /* Release */,
			);
			defaultConfigurationIsVisible = 0;
			defaultConfigurationName = Release;
		};
		C94F0AA42B4670C100A042E1 /* Build configuration list for PBXNativeTarget "SwiftUIChat" */ = {
			isa = XCConfigurationList;
			buildConfigurations = (
				C94F0AA52B4670C100A042E1 /* Debug */,
				C94F0AA62B4670C100A042E1 /* Release */,
			);
			defaultConfigurationIsVisible = 0;
			defaultConfigurationName = Release;
		};
/* End XCConfigurationList section */
	};
	rootObject = C94F0A8E2B4670C000A042E1 /* Project object */;
}
